<?xml version="1.0" encoding="UTF-8"?>
<!DOCTYPE plist PUBLIC "-//Apple//DTD PLIST 1.0//EN" "http://www.apple.com/DTDs/PropertyList-1.0.dtd">
<plist version="1.0">
<dict>
	<key>archiveVersion</key>
	<string>1</string>
	<key>classes</key>
	<dict/>
	<key>objectVersion</key>
	<string>46</string>
	<key>objects</key>
	<dict>
		<key>D95DE17516177B80005E11EC</key>
		<dict>
			<key>children</key>
			<array>
				<string>D95DE18A16177B80005E11EC</string>
				<string>D95DE1AE16177B81005E11EC</string>
				<string>D95DE18316177B80005E11EC</string>
				<string>D95DE18116177B80005E11EC</string>
			</array>
			<key>isa</key>
			<string>PBXGroup</string>
			<key>sourceTree</key>
			<string>&lt;group&gt;</string>
		</dict>
		<key>D95DE17716177B80005E11EC</key>
		<dict>
			<key>attributes</key>
			<dict>
				<key>CLASSPREFIX</key>
				<string>AB</string>
				<key>LastUpgradeCheck</key>
				<string>0450</string>
				<key>ORGANIZATIONNAME</key>
				<string>concretesolutions</string>
			</dict>
			<key>buildConfigurationList</key>
			<string>D95DE17A16177B80005E11EC</string>
			<key>compatibilityVersion</key>
			<string>Xcode 3.2</string>
			<key>developmentRegion</key>
			<string>English</string>
			<key>hasScannedForEncodings</key>
			<string>0</string>
			<key>isa</key>
			<string>PBXProject</string>
			<key>knownRegions</key>
			<array>
				<string>en</string>
			</array>
			<key>mainGroup</key>
			<string>D95DE17516177B80005E11EC</string>
			<key>productRefGroup</key>
			<string>D95DE18116177B80005E11EC</string>
			<key>projectDirPath</key>
			<string></string>
			<key>projectRoot</key>
			<string></string>
			<key>targets</key>
			<array>
				<string>D95DE17F16177B80005E11EC</string>
				<string>D95DE1A616177B81005E11EC</string>
			</array>
		</dict>
		<key>D95DE17A16177B80005E11EC</key>
		<dict>
			<key>buildConfigurations</key>
			<array>
				<string>D95DE1B716177B81005E11EC</string>
				<string>D95DE1B816177B81005E11EC</string>
			</array>
			<key>defaultConfigurationIsVisible</key>
			<string>0</string>
			<key>defaultConfigurationName</key>
			<string>Release</string>
			<key>isa</key>
			<string>XCConfigurationList</string>
		</dict>
		<key>D95DE17C16177B80005E11EC</key>
		<dict>
			<key>buildActionMask</key>
			<string>2147483647</string>
			<key>files</key>
			<array>
				<string>D95DE19116177B80005E11EC</string>
				<string>D95DE19516177B80005E11EC</string>
				<string>D95DE19E16177B81005E11EC</string>
			</array>
			<key>isa</key>
			<string>PBXSourcesBuildPhase</string>
			<key>runOnlyForDeploymentPostprocessing</key>
			<string>0</string>
		</dict>
		<key>D95DE17D16177B80005E11EC</key>
		<dict>
			<key>buildActionMask</key>
			<string>2147483647</string>
			<key>files</key>
			<array>
				<string>D95DE18516177B80005E11EC</string>
				<string>D95DE18716177B80005E11EC</string>
				<string>D95DE18916177B80005E11EC</string>
			</array>
			<key>isa</key>
			<string>PBXFrameworksBuildPhase</string>
			<key>runOnlyForDeploymentPostprocessing</key>
			<string>0</string>
		</dict>
		<key>D95DE17E16177B80005E11EC</key>
		<dict>
			<key>buildActionMask</key>
			<string>2147483647</string>
			<key>files</key>
			<array>
				<string>D95DE18F16177B80005E11EC</string>
				<string>D95DE19716177B81005E11EC</string>
				<string>D95DE19916177B81005E11EC</string>
				<string>D95DE19B16177B81005E11EC</string>
				<string>D95DE1A116177B81005E11EC</string>
			</array>
			<key>isa</key>
			<string>PBXResourcesBuildPhase</string>
			<key>runOnlyForDeploymentPostprocessing</key>
			<string>0</string>
		</dict>
		<key>D95DE17F16177B80005E11EC</key>
		<dict>
			<key>buildConfigurationList</key>
			<string>D95DE1B916177B81005E11EC</string>
			<key>buildPhases</key>
			<array>
				<string>D95DE17C16177B80005E11EC</string>
				<string>D95DE17D16177B80005E11EC</string>
				<string>D95DE17E16177B80005E11EC</string>
			</array>
			<key>buildRules</key>
			<array/>
			<key>dependencies</key>
			<array/>
			<key>isa</key>
			<string>PBXNativeTarget</string>
			<key>name</key>
			<string>AutoBuildCD</string>
			<key>productName</key>
			<string>AutoBuildCD</string>
			<key>productReference</key>
			<string>D95DE18016177B80005E11EC</string>
			<key>productType</key>
			<string>com.apple.product-type.application</string>
		</dict>
		<key>D95DE18016177B80005E11EC</key>
		<dict>
			<key>explicitFileType</key>
			<string>wrapper.application</string>
			<key>includeInIndex</key>
			<string>0</string>
			<key>isa</key>
			<string>PBXFileReference</string>
			<key>name</key>
			<string>AutoBuildCD.app</string>
			<key>path</key>
			<string>AutoBuildCD.app</string>
			<key>sourceTree</key>
			<string>BUILT_PRODUCTS_DIR</string>
		</dict>
		<key>D95DE18116177B80005E11EC</key>
		<dict>
			<key>children</key>
			<array>
				<string>D95DE18016177B80005E11EC</string>
				<string>D95DE1A716177B81005E11EC</string>
			</array>
			<key>isa</key>
			<string>PBXGroup</string>
			<key>name</key>
			<string>Products</string>
			<key>sourceTree</key>
			<string>&lt;group&gt;</string>
		</dict>
		<key>D95DE18316177B80005E11EC</key>
		<dict>
			<key>children</key>
			<array>
				<string>D95DE1C216179746005E11EC</string>
				<string>D95DE18416177B80005E11EC</string>
				<string>D95DE18616177B80005E11EC</string>
				<string>D95DE18816177B80005E11EC</string>
				<string>D95DE1A816177B81005E11EC</string>
			</array>
			<key>isa</key>
			<string>PBXGroup</string>
			<key>name</key>
			<string>Frameworks</string>
			<key>sourceTree</key>
			<string>&lt;group&gt;</string>
		</dict>
		<key>D95DE18416177B80005E11EC</key>
		<dict>
			<key>isa</key>
			<string>PBXFileReference</string>
			<key>lastKnownFileType</key>
			<string>wrapper.framework</string>
			<key>name</key>
			<string>UIKit.framework</string>
			<key>path</key>
			<string>System/Library/Frameworks/UIKit.framework</string>
			<key>sourceTree</key>
			<string>SDKROOT</string>
		</dict>
		<key>D95DE18516177B80005E11EC</key>
		<dict>
			<key>fileRef</key>
			<string>D95DE18416177B80005E11EC</string>
			<key>isa</key>
			<string>PBXBuildFile</string>
		</dict>
		<key>D95DE18616177B80005E11EC</key>
		<dict>
			<key>isa</key>
			<string>PBXFileReference</string>
			<key>lastKnownFileType</key>
			<string>wrapper.framework</string>
			<key>name</key>
			<string>Foundation.framework</string>
			<key>path</key>
			<string>System/Library/Frameworks/Foundation.framework</string>
			<key>sourceTree</key>
			<string>SDKROOT</string>
		</dict>
		<key>D95DE18716177B80005E11EC</key>
		<dict>
			<key>fileRef</key>
			<string>D95DE18616177B80005E11EC</string>
			<key>isa</key>
			<string>PBXBuildFile</string>
		</dict>
		<key>D95DE18816177B80005E11EC</key>
		<dict>
			<key>isa</key>
			<string>PBXFileReference</string>
			<key>lastKnownFileType</key>
			<string>wrapper.framework</string>
			<key>name</key>
			<string>CoreGraphics.framework</string>
			<key>path</key>
			<string>System/Library/Frameworks/CoreGraphics.framework</string>
			<key>sourceTree</key>
			<string>SDKROOT</string>
		</dict>
		<key>D95DE18916177B80005E11EC</key>
		<dict>
			<key>fileRef</key>
			<string>D95DE18816177B80005E11EC</string>
			<key>isa</key>
			<string>PBXBuildFile</string>
		</dict>
		<key>D95DE18A16177B80005E11EC</key>
		<dict>
			<key>children</key>
			<array>
				<string>D95DE19316177B80005E11EC</string>
				<string>D95DE19416177B80005E11EC</string>
				<string>D95DE19C16177B81005E11EC</string>
				<string>D95DE19D16177B81005E11EC</string>
				<string>D95DE19F16177B81005E11EC</string>
				<string>D95DE18B16177B80005E11EC</string>
			</array>
			<key>isa</key>
			<string>PBXGroup</string>
			<key>path</key>
			<string>AutoBuildCD</string>
			<key>sourceTree</key>
			<string>&lt;group&gt;</string>
		</dict>
		<key>D95DE18B16177B80005E11EC</key>
		<dict>
			<key>children</key>
			<array>
				<string>D95DE18C16177B80005E11EC</string>
				<string>D95DE18D16177B80005E11EC</string>
				<string>D95DE19016177B80005E11EC</string>
				<string>D95DE19216177B80005E11EC</string>
				<string>D95DE19616177B80005E11EC</string>
				<string>D95DE19816177B81005E11EC</string>
				<string>D95DE19A16177B81005E11EC</string>
			</array>
			<key>isa</key>
			<string>PBXGroup</string>
			<key>name</key>
			<string>Supporting Files</string>
			<key>sourceTree</key>
			<string>&lt;group&gt;</string>
		</dict>
		<key>D95DE18C16177B80005E11EC</key>
		<dict>
			<key>isa</key>
			<string>PBXFileReference</string>
			<key>lastKnownFileType</key>
			<string>text.plist.xml</string>
			<key>path</key>
			<string>AutoBuildCD-Info.plist</string>
			<key>sourceTree</key>
			<string>&lt;group&gt;</string>
		</dict>
		<key>D95DE18D16177B80005E11EC</key>
		<dict>
			<key>children</key>
			<array>
				<string>D95DE18E16177B80005E11EC</string>
			</array>
			<key>isa</key>
			<string>PBXVariantGroup</string>
			<key>name</key>
			<string>InfoPlist.strings</string>
			<key>sourceTree</key>
			<string>&lt;group&gt;</string>
		</dict>
		<key>D95DE18E16177B80005E11EC</key>
		<dict>
			<key>isa</key>
			<string>PBXFileReference</string>
			<key>lastKnownFileType</key>
			<string>text.plist.strings</string>
			<key>name</key>
			<string>en</string>
			<key>path</key>
			<string>en.lproj/InfoPlist.strings</string>
			<key>sourceTree</key>
			<string>&lt;group&gt;</string>
		</dict>
		<key>D95DE18F16177B80005E11EC</key>
		<dict>
			<key>fileRef</key>
			<string>D95DE18D16177B80005E11EC</string>
			<key>isa</key>
			<string>PBXBuildFile</string>
		</dict>
		<key>D95DE19016177B80005E11EC</key>
		<dict>
			<key>isa</key>
			<string>PBXFileReference</string>
			<key>lastKnownFileType</key>
			<string>sourcecode.c.objc</string>
			<key>path</key>
			<string>main.m</string>
			<key>sourceTree</key>
			<string>&lt;group&gt;</string>
		</dict>
		<key>D95DE19116177B80005E11EC</key>
		<dict>
			<key>fileRef</key>
			<string>D95DE19016177B80005E11EC</string>
			<key>isa</key>
			<string>PBXBuildFile</string>
		</dict>
		<key>D95DE19216177B80005E11EC</key>
		<dict>
			<key>isa</key>
			<string>PBXFileReference</string>
			<key>lastKnownFileType</key>
			<string>sourcecode.c.h</string>
			<key>path</key>
			<string>AutoBuildCD-Prefix.pch</string>
			<key>sourceTree</key>
			<string>&lt;group&gt;</string>
		</dict>
		<key>D95DE19316177B80005E11EC</key>
		<dict>
			<key>isa</key>
			<string>PBXFileReference</string>
			<key>lastKnownFileType</key>
			<string>sourcecode.c.h</string>
			<key>path</key>
			<string>ABAppDelegate.h</string>
			<key>sourceTree</key>
			<string>&lt;group&gt;</string>
		</dict>
		<key>D95DE19416177B80005E11EC</key>
		<dict>
			<key>isa</key>
			<string>PBXFileReference</string>
			<key>lastKnownFileType</key>
			<string>sourcecode.c.objc</string>
			<key>path</key>
			<string>ABAppDelegate.m</string>
			<key>sourceTree</key>
			<string>&lt;group&gt;</string>
		</dict>
		<key>D95DE19516177B80005E11EC</key>
		<dict>
			<key>fileRef</key>
			<string>D95DE19416177B80005E11EC</string>
			<key>isa</key>
			<string>PBXBuildFile</string>
		</dict>
		<key>D95DE19616177B80005E11EC</key>
		<dict>
			<key>isa</key>
			<string>PBXFileReference</string>
			<key>lastKnownFileType</key>
			<string>image.png</string>
			<key>path</key>
			<string>Default.png</string>
			<key>sourceTree</key>
			<string>&lt;group&gt;</string>
		</dict>
		<key>D95DE19716177B81005E11EC</key>
		<dict>
			<key>fileRef</key>
			<string>D95DE19616177B80005E11EC</string>
			<key>isa</key>
			<string>PBXBuildFile</string>
		</dict>
		<key>D95DE19816177B81005E11EC</key>
		<dict>
			<key>isa</key>
			<string>PBXFileReference</string>
			<key>lastKnownFileType</key>
			<string>image.png</string>
			<key>path</key>
			<string>Default@2x.png</string>
			<key>sourceTree</key>
			<string>&lt;group&gt;</string>
		</dict>
		<key>D95DE19916177B81005E11EC</key>
		<dict>
			<key>fileRef</key>
			<string>D95DE19816177B81005E11EC</string>
			<key>isa</key>
			<string>PBXBuildFile</string>
		</dict>
		<key>D95DE19A16177B81005E11EC</key>
		<dict>
			<key>isa</key>
			<string>PBXFileReference</string>
			<key>lastKnownFileType</key>
			<string>image.png</string>
			<key>path</key>
			<string>Default-568h@2x.png</string>
			<key>sourceTree</key>
			<string>&lt;group&gt;</string>
		</dict>
		<key>D95DE19B16177B81005E11EC</key>
		<dict>
			<key>fileRef</key>
			<string>D95DE19A16177B81005E11EC</string>
			<key>isa</key>
			<string>PBXBuildFile</string>
		</dict>
		<key>D95DE19C16177B81005E11EC</key>
		<dict>
			<key>isa</key>
			<string>PBXFileReference</string>
			<key>lastKnownFileType</key>
			<string>sourcecode.c.h</string>
			<key>path</key>
			<string>ABViewController.h</string>
			<key>sourceTree</key>
			<string>&lt;group&gt;</string>
		</dict>
		<key>D95DE19D16177B81005E11EC</key>
		<dict>
			<key>isa</key>
			<string>PBXFileReference</string>
			<key>lastKnownFileType</key>
			<string>sourcecode.c.objc</string>
			<key>path</key>
			<string>ABViewController.m</string>
			<key>sourceTree</key>
			<string>&lt;group&gt;</string>
		</dict>
		<key>D95DE19E16177B81005E11EC</key>
		<dict>
			<key>fileRef</key>
			<string>D95DE19D16177B81005E11EC</string>
			<key>isa</key>
			<string>PBXBuildFile</string>
		</dict>
		<key>D95DE19F16177B81005E11EC</key>
		<dict>
			<key>children</key>
			<array>
				<string>D95DE1A016177B81005E11EC</string>
			</array>
			<key>isa</key>
			<string>PBXVariantGroup</string>
			<key>name</key>
			<string>ABViewController.xib</string>
			<key>sourceTree</key>
			<string>&lt;group&gt;</string>
		</dict>
		<key>D95DE1A016177B81005E11EC</key>
		<dict>
			<key>isa</key>
			<string>PBXFileReference</string>
			<key>lastKnownFileType</key>
			<string>file.xib</string>
			<key>name</key>
			<string>en</string>
			<key>path</key>
			<string>en.lproj/ABViewController.xib</string>
			<key>sourceTree</key>
			<string>&lt;group&gt;</string>
		</dict>
		<key>D95DE1A116177B81005E11EC</key>
		<dict>
			<key>fileRef</key>
			<string>D95DE19F16177B81005E11EC</string>
			<key>isa</key>
			<string>PBXBuildFile</string>
		</dict>
		<key>D95DE1A216177B81005E11EC</key>
		<dict>
			<key>buildActionMask</key>
			<string>2147483647</string>
			<key>files</key>
			<array>
				<string>D95DE1B616177B81005E11EC</string>
				<string>D95DE1C116178027005E11EC</string>
			</array>
			<key>isa</key>
			<string>PBXSourcesBuildPhase</string>
			<key>runOnlyForDeploymentPostprocessing</key>
			<string>0</string>
		</dict>
		<key>D95DE1A316177B81005E11EC</key>
		<dict>
			<key>buildActionMask</key>
			<string>2147483647</string>
			<key>files</key>
			<array>
				<string>D95DE1C316179746005E11EC</string>
				<string>D95DE1A916177B81005E11EC</string>
				<string>D95DE1AA16177B81005E11EC</string>
				<string>D95DE1AB16177B81005E11EC</string>
			</array>
			<key>isa</key>
			<string>PBXFrameworksBuildPhase</string>
			<key>runOnlyForDeploymentPostprocessing</key>
			<string>0</string>
		</dict>
		<key>D95DE1A416177B81005E11EC</key>
		<dict>
			<key>buildActionMask</key>
			<string>2147483647</string>
			<key>files</key>
			<array>
				<string>D95DE1B316177B81005E11EC</string>
			</array>
			<key>isa</key>
			<string>PBXResourcesBuildPhase</string>
			<key>runOnlyForDeploymentPostprocessing</key>
			<string>0</string>
		</dict>
		<key>D95DE1A516177B81005E11EC</key>
		<dict>
			<key>buildActionMask</key>
			<string>2147483647</string>
			<key>files</key>
			<array/>
			<key>inputPaths</key>
			<array/>
			<key>isa</key>
			<string>PBXShellScriptBuildPhase</string>
			<key>outputPaths</key>
			<array/>
			<key>runOnlyForDeploymentPostprocessing</key>
			<string>0</string>
			<key>shellPath</key>
			<string>/bin/sh</string>
			<key>shellScript</key>
			<string># Run the unit tests in this test bundle.
"${SYSTEM_DEVELOPER_DIR}/Tools/RunUnitTests"
</string>
		</dict>
		<key>D95DE1A616177B81005E11EC</key>
		<dict>
			<key>buildConfigurationList</key>
			<string>D95DE1BC16177B81005E11EC</string>
			<key>buildPhases</key>
			<array>
				<string>D95DE1A216177B81005E11EC</string>
				<string>D95DE1A316177B81005E11EC</string>
				<string>D95DE1A416177B81005E11EC</string>
				<string>D95DE1A516177B81005E11EC</string>
			</array>
			<key>buildRules</key>
			<array/>
			<key>dependencies</key>
			<array>
				<string>D95DE1AD16177B81005E11EC</string>
			</array>
			<key>isa</key>
			<string>PBXNativeTarget</string>
			<key>name</key>
			<string>AutoBuildCDTests</string>
			<key>productName</key>
			<string>AutoBuildCDTests</string>
			<key>productReference</key>
			<string>D95DE1A716177B81005E11EC</string>
			<key>productType</key>
			<string>com.apple.product-type.bundle</string>
		</dict>
		<key>D95DE1A716177B81005E11EC</key>
		<dict>
			<key>explicitFileType</key>
			<string>wrapper.cfbundle</string>
			<key>includeInIndex</key>
			<string>0</string>
			<key>isa</key>
			<string>PBXFileReference</string>
			<key>name</key>
			<string>AutoBuildCDTests.octest</string>
			<key>path</key>
			<string>AutoBuildCDTests.octest</string>
			<key>sourceTree</key>
			<string>BUILT_PRODUCTS_DIR</string>
		</dict>
		<key>D95DE1A816177B81005E11EC</key>
		<dict>
			<key>isa</key>
			<string>PBXFileReference</string>
			<key>lastKnownFileType</key>
			<string>wrapper.framework</string>
			<key>name</key>
			<string>SenTestingKit.framework</string>
			<key>path</key>
			<string>Library/Frameworks/SenTestingKit.framework</string>
			<key>sourceTree</key>
			<string>DEVELOPER_DIR</string>
		</dict>
		<key>D95DE1A916177B81005E11EC</key>
		<dict>
			<key>fileRef</key>
			<string>D95DE1A816177B81005E11EC</string>
			<key>isa</key>
			<string>PBXBuildFile</string>
		</dict>
		<key>D95DE1AA16177B81005E11EC</key>
		<dict>
			<key>fileRef</key>
			<string>D95DE18416177B80005E11EC</string>
			<key>isa</key>
			<string>PBXBuildFile</string>
		</dict>
		<key>D95DE1AB16177B81005E11EC</key>
		<dict>
			<key>fileRef</key>
			<string>D95DE18616177B80005E11EC</string>
			<key>isa</key>
			<string>PBXBuildFile</string>
		</dict>
		<key>D95DE1AC16177B81005E11EC</key>
		<dict>
			<key>containerPortal</key>
			<string>D95DE17716177B80005E11EC</string>
			<key>isa</key>
			<string>PBXContainerItemProxy</string>
			<key>proxyType</key>
			<string>1</string>
			<key>remoteGlobalIDString</key>
			<string>D95DE17F16177B80005E11EC</string>
			<key>remoteInfo</key>
			<string>AutoBuildCD</string>
		</dict>
		<key>D95DE1AD16177B81005E11EC</key>
		<dict>
			<key>isa</key>
			<string>PBXTargetDependency</string>
			<key>target</key>
			<string>D95DE17F16177B80005E11EC</string>
			<key>targetProxy</key>
			<string>D95DE1AC16177B81005E11EC</string>
		</dict>
		<key>D95DE1AE16177B81005E11EC</key>
		<dict>
			<key>children</key>
			<array>
				<string>D95DE1B416177B81005E11EC</string>
				<string>D95DE1B516177B81005E11EC</string>
				<string>D95DE1AF16177B81005E11EC</string>
				<string>D95DE1BF16178027005E11EC</string>
				<string>D95DE1C016178027005E11EC</string>
			</array>
			<key>isa</key>
			<string>PBXGroup</string>
			<key>path</key>
			<string>AutoBuildCDTests</string>
			<key>sourceTree</key>
			<string>&lt;group&gt;</string>
		</dict>
		<key>D95DE1AF16177B81005E11EC</key>
		<dict>
			<key>children</key>
			<array>
				<string>D95DE1B016177B81005E11EC</string>
				<string>D95DE1B116177B81005E11EC</string>
			</array>
			<key>isa</key>
			<string>PBXGroup</string>
			<key>name</key>
			<string>Supporting Files</string>
			<key>sourceTree</key>
			<string>&lt;group&gt;</string>
		</dict>
		<key>D95DE1B016177B81005E11EC</key>
		<dict>
			<key>isa</key>
			<string>PBXFileReference</string>
			<key>lastKnownFileType</key>
			<string>text.plist.xml</string>
			<key>path</key>
			<string>AutoBuildCDTests-Info.plist</string>
			<key>sourceTree</key>
			<string>&lt;group&gt;</string>
		</dict>
		<key>D95DE1B116177B81005E11EC</key>
		<dict>
			<key>children</key>
			<array>
				<string>D95DE1B216177B81005E11EC</string>
			</array>
			<key>isa</key>
			<string>PBXVariantGroup</string>
			<key>name</key>
			<string>InfoPlist.strings</string>
			<key>sourceTree</key>
			<string>&lt;group&gt;</string>
		</dict>
		<key>D95DE1B216177B81005E11EC</key>
		<dict>
			<key>isa</key>
			<string>PBXFileReference</string>
			<key>lastKnownFileType</key>
			<string>text.plist.strings</string>
			<key>name</key>
			<string>en</string>
			<key>path</key>
			<string>en.lproj/InfoPlist.strings</string>
			<key>sourceTree</key>
			<string>&lt;group&gt;</string>
		</dict>
		<key>D95DE1B316177B81005E11EC</key>
		<dict>
			<key>fileRef</key>
			<string>D95DE1B116177B81005E11EC</string>
			<key>isa</key>
			<string>PBXBuildFile</string>
		</dict>
		<key>D95DE1B416177B81005E11EC</key>
		<dict>
			<key>isa</key>
			<string>PBXFileReference</string>
			<key>lastKnownFileType</key>
			<string>sourcecode.c.h</string>
			<key>path</key>
			<string>AutoBuildCDTests.h</string>
			<key>sourceTree</key>
			<string>&lt;group&gt;</string>
		</dict>
		<key>D95DE1B516177B81005E11EC</key>
		<dict>
			<key>isa</key>
			<string>PBXFileReference</string>
			<key>lastKnownFileType</key>
			<string>sourcecode.c.objc</string>
			<key>path</key>
			<string>AutoBuildCDTests.m</string>
			<key>sourceTree</key>
			<string>&lt;group&gt;</string>
		</dict>
		<key>D95DE1B616177B81005E11EC</key>
		<dict>
			<key>fileRef</key>
			<string>D95DE1B516177B81005E11EC</string>
			<key>isa</key>
			<string>PBXBuildFile</string>
		</dict>
		<key>D95DE1B716177B81005E11EC</key>
		<dict>
			<key>buildSettings</key>
			<dict>
				<key>ALWAYS_SEARCH_USER_PATHS</key>
				<string>NO</string>
				<key>CLANG_CXX_LANGUAGE_STANDARD</key>
				<string>gnu++0x</string>
				<key>CLANG_CXX_LIBRARY</key>
				<string>libc++</string>
				<key>CLANG_ENABLE_OBJC_ARC</key>
				<string>YES</string>
				<key>CLANG_WARN_EMPTY_BODY</key>
				<string>YES</string>
				<key>CLANG_WARN__DUPLICATE_METHOD_MATCH</key>
				<string>YES</string>
				<key>CODE_SIGN_IDENTITY[sdk=iphoneos*]</key>
				<string>iPhone Developer</string>
				<key>COPY_PHASE_STRIP</key>
				<string>NO</string>
				<key>GCC_C_LANGUAGE_STANDARD</key>
				<string>gnu99</string>
				<key>GCC_DYNAMIC_NO_PIC</key>
				<string>NO</string>
				<key>GCC_OPTIMIZATION_LEVEL</key>
				<string>0</string>
				<key>GCC_PREPROCESSOR_DEFINITIONS</key>
				<array>
					<string>DEBUG=1</string>
					<string>$(inherited)</string>
				</array>
				<key>GCC_SYMBOLS_PRIVATE_EXTERN</key>
				<string>NO</string>
				<key>GCC_WARN_ABOUT_RETURN_TYPE</key>
				<string>YES</string>
				<key>GCC_WARN_UNINITIALIZED_AUTOS</key>
				<string>YES</string>
				<key>GCC_WARN_UNUSED_VARIABLE</key>
				<string>YES</string>
				<key>IPHONEOS_DEPLOYMENT_TARGET</key>
				<string>4.3</string>
				<key>SDKROOT</key>
				<string>iphoneos</string>
			</dict>
			<key>isa</key>
			<string>XCBuildConfiguration</string>
			<key>name</key>
			<string>Debug</string>
		</dict>
		<key>D95DE1B816177B81005E11EC</key>
		<dict>
			<key>buildSettings</key>
			<dict>
				<key>ALWAYS_SEARCH_USER_PATHS</key>
				<string>NO</string>
				<key>CLANG_CXX_LANGUAGE_STANDARD</key>
				<string>gnu++0x</string>
				<key>CLANG_CXX_LIBRARY</key>
				<string>libc++</string>
				<key>CLANG_ENABLE_OBJC_ARC</key>
				<string>YES</string>
				<key>CLANG_WARN_EMPTY_BODY</key>
				<string>YES</string>
				<key>CLANG_WARN__DUPLICATE_METHOD_MATCH</key>
				<string>YES</string>
				<key>CODE_SIGN_IDENTITY[sdk=iphoneos*]</key>
				<string>iPhone Developer</string>
				<key>COPY_PHASE_STRIP</key>
				<string>YES</string>
				<key>GCC_C_LANGUAGE_STANDARD</key>
				<string>gnu99</string>
				<key>GCC_WARN_ABOUT_RETURN_TYPE</key>
				<string>YES</string>
				<key>GCC_WARN_UNINITIALIZED_AUTOS</key>
				<string>YES</string>
				<key>GCC_WARN_UNUSED_VARIABLE</key>
				<string>YES</string>
				<key>IPHONEOS_DEPLOYMENT_TARGET</key>
				<string>4.3</string>
				<key>OTHER_CFLAGS</key>
				<string>-DNS_BLOCK_ASSERTIONS=1</string>
				<key>SDKROOT</key>
				<string>iphoneos</string>
				<key>VALIDATE_PRODUCT</key>
				<string>YES</string>
			</dict>
			<key>isa</key>
			<string>XCBuildConfiguration</string>
			<key>name</key>
			<string>Release</string>
		</dict>
		<key>D95DE1B916177B81005E11EC</key>
		<dict>
			<key>buildConfigurations</key>
			<array>
				<string>D95DE1BA16177B81005E11EC</string>
				<string>D95DE1BB16177B81005E11EC</string>
			</array>
			<key>defaultConfigurationIsVisible</key>
			<string>0</string>
			<key>isa</key>
			<string>XCConfigurationList</string>
		</dict>
		<key>D95DE1BA16177B81005E11EC</key>
		<dict>
			<key>buildSettings</key>
			<dict>
				<key>GCC_GENERATE_TEST_COVERAGE_FILES</key>
				<string>YES</string>
				<key>GCC_INSTRUMENT_PROGRAM_FLOW_ARCS</key>
				<string>YES</string>
				<key>GCC_PRECOMPILE_PREFIX_HEADER</key>
				<string>YES</string>
				<key>GCC_PREFIX_HEADER</key>
				<string>AutoBuildCD/AutoBuildCD-Prefix.pch</string>
				<key>INFOPLIST_FILE</key>
				<string>AutoBuildCD/AutoBuildCD-Info.plist</string>
				<key>LIBRARY_SEARCH_PATHS</key>
				<array>
					<string>$(inherited)</string>
					<string>$(FRANK_LIBRARY_SEARCH_PATHS)</string>
				</array>
				<key>OTHER_LDFLAGS</key>
				<array>
					<string>$(inherited)</string>
					<string>$(FRANK_LDFLAGS)</string>
				</array>
				<key>PRODUCT_NAME</key>
				<string>$(TARGET_NAME)</string>
				<key>WRAPPER_EXTENSION</key>
				<string>app</string>
			</dict>
			<key>isa</key>
			<string>XCBuildConfiguration</string>
			<key>name</key>
			<string>Debug</string>
		</dict>
		<key>D95DE1BB16177B81005E11EC</key>
		<dict>
			<key>buildSettings</key>
			<dict>
				<key>GCC_PRECOMPILE_PREFIX_HEADER</key>
				<string>YES</string>
				<key>GCC_PREFIX_HEADER</key>
				<string>AutoBuildCD/AutoBuildCD-Prefix.pch</string>
				<key>INFOPLIST_FILE</key>
				<string>AutoBuildCD/AutoBuildCD-Info.plist</string>
				<key>PRODUCT_NAME</key>
				<string>$(TARGET_NAME)</string>
				<key>WRAPPER_EXTENSION</key>
				<string>app</string>
			</dict>
			<key>isa</key>
			<string>XCBuildConfiguration</string>
			<key>name</key>
			<string>Release</string>
		</dict>
		<key>D95DE1BC16177B81005E11EC</key>
		<dict>
			<key>buildConfigurations</key>
			<array>
				<string>D95DE1BD16177B81005E11EC</string>
				<string>D95DE1BE16177B81005E11EC</string>
			</array>
			<key>defaultConfigurationIsVisible</key>
			<string>0</string>
			<key>isa</key>
			<string>XCConfigurationList</string>
		</dict>
		<key>D95DE1BD16177B81005E11EC</key>
		<dict>
			<key>buildSettings</key>
			<dict>
				<key>BUNDLE_LOADER</key>
				<string>$(BUILT_PRODUCTS_DIR)/AutoBuildCD.app/AutoBuildCD</string>
				<key>FRAMEWORK_SEARCH_PATHS</key>
				<array>
					<string>"$(SDKROOT)/Developer/Library/Frameworks"</string>
					<string>"$(DEVELOPER_LIBRARY_DIR)/Frameworks"</string>
				</array>
				<key>GCC_PRECOMPILE_PREFIX_HEADER</key>
				<string>YES</string>
				<key>GCC_PREFIX_HEADER</key>
				<string>AutoBuildCD/AutoBuildCD-Prefix.pch</string>
				<key>HEADER_SEARCH_PATHS</key>
				<string>$(SRCROOT)/../libs/ocmock/Examples/iOS5Example/usr/include/</string>
				<key>INFOPLIST_FILE</key>
				<string>AutoBuildCDTests/AutoBuildCDTests-Info.plist</string>
				<key>LIBRARY_SEARCH_PATHS</key>
				<array>
					<string>$(inherited)</string>
					<string>"$(SRCROOT)/../libs/ocmock/Examples/iOS5Example/usr/lib"</string>
				</array>
				<key>OTHER_LDFLAGS</key>
				<string>-ObjC</string>
				<key>OTHER_TEST_FLAGS</key>
				<string>-RegisterForSystemEvents</string>
				<key>PRODUCT_NAME</key>
				<string>$(TARGET_NAME)</string>
				<key>TEST_AFTER_BUILD</key>
				<string>YES</string>
				<key>TEST_HOST</key>
				<string>$(BUNDLE_LOADER)</string>
				<key>WRAPPER_EXTENSION</key>
				<string>octest</string>
			</dict>
			<key>isa</key>
			<string>XCBuildConfiguration</string>
			<key>name</key>
			<string>Debug</string>
		</dict>
		<key>D95DE1BE16177B81005E11EC</key>
		<dict>
			<key>buildSettings</key>
			<dict>
				<key>BUNDLE_LOADER</key>
				<string>$(BUILT_PRODUCTS_DIR)/AutoBuildCD.app/AutoBuildCD</string>
				<key>FRAMEWORK_SEARCH_PATHS</key>
				<array>
					<string>"$(SDKROOT)/Developer/Library/Frameworks"</string>
					<string>"$(DEVELOPER_LIBRARY_DIR)/Frameworks"</string>
				</array>
				<key>GCC_PRECOMPILE_PREFIX_HEADER</key>
				<string>YES</string>
				<key>GCC_PREFIX_HEADER</key>
				<string>AutoBuildCD/AutoBuildCD-Prefix.pch</string>
				<key>HEADER_SEARCH_PATHS</key>
				<string>$(SRCROOT)/../libs/ocmock/Examples/iOS5Example/usr/include/</string>
				<key>INFOPLIST_FILE</key>
				<string>AutoBuildCDTests/AutoBuildCDTests-Info.plist</string>
				<key>LIBRARY_SEARCH_PATHS</key>
				<array>
					<string>$(inherited)</string>
					<string>"$(SRCROOT)/../libs/ocmock/Examples/iOS5Example/usr/lib"</string>
				</array>
				<key>OTHER_LDFLAGS</key>
				<string>-ObjC</string>
				<key>OTHER_TEST_FLAGS</key>
				<string>-RegisterForSystemEvents</string>
				<key>PRODUCT_NAME</key>
				<string>$(TARGET_NAME)</string>
				<key>TEST_AFTER_BUILD</key>
				<string>YES</string>
				<key>TEST_HOST</key>
				<string>$(BUNDLE_LOADER)</string>
				<key>WRAPPER_EXTENSION</key>
				<string>octest</string>
			</dict>
			<key>isa</key>
			<string>XCBuildConfiguration</string>
			<key>name</key>
			<string>Release</string>
		</dict>
		<key>D95DE1BF16178027005E11EC</key>
		<dict>
			<key>fileEncoding</key>
			<string>4</string>
			<key>isa</key>
			<string>PBXFileReference</string>
			<key>lastKnownFileType</key>
			<string>sourcecode.c.h</string>
			<key>path</key>
			<string>ABViewControllerTests.h</string>
			<key>sourceTree</key>
			<string>&lt;group&gt;</string>
		</dict>
		<key>D95DE1C016178027005E11EC</key>
		<dict>
			<key>fileEncoding</key>
			<string>4</string>
			<key>isa</key>
			<string>PBXFileReference</string>
			<key>lastKnownFileType</key>
			<string>sourcecode.c.objc</string>
			<key>path</key>
			<string>ABViewControllerTests.m</string>
			<key>sourceTree</key>
			<string>&lt;group&gt;</string>
		</dict>
		<key>D95DE1C116178027005E11EC</key>
		<dict>
			<key>fileRef</key>
			<string>D95DE1C016178027005E11EC</string>
			<key>isa</key>
			<string>PBXBuildFile</string>
		</dict>
		<key>D95DE1C216179746005E11EC</key>
		<dict>
			<key>isa</key>
			<string>PBXFileReference</string>
			<key>lastKnownFileType</key>
			<string>archive.ar</string>
			<key>name</key>
			<string>libOCMock.a</string>
			<key>path</key>
			<string>../libs/ocmock/Examples/iOS5Example/usr/lib/libOCMock.a</string>
			<key>sourceTree</key>
			<string>&lt;group&gt;</string>
		</dict>
		<key>D95DE1C316179746005E11EC</key>
		<dict>
			<key>fileRef</key>
			<string>D95DE1C216179746005E11EC</string>
			<key>isa</key>
			<string>PBXBuildFile</string>
		</dict>
	</dict>
	<key>rootObject</key>
	<string>D95DE17716177B80005E11EC</string>
</dict>
</plist>
